
Microsoft Visual Studio Solution File, Format Version 12.00
# Visual Studio 15
VisualStudioVersion = 15.0.27906.1
MinimumVisualStudioVersion = 10.0.40219.1
Project("{FAE04EC0-301F-11D3-BF4B-00C04F79EFBC}") = "Household.Android", "Household\Household.Android\Household.Android.csproj", "{74FC290C-FD8D-4365-94A6-E73568E4B1FE}"
EndProject
Project("{FAE04EC0-301F-11D3-BF4B-00C04F79EFBC}") = "Household.iOS", "Household\Household.iOS\Household.iOS.csproj", "{18F6EC00-3ABC-4B6C-8DB6-74E07AB985D9}"
EndProject
Project("{9A19103F-16F7-4668-BE54-9A1E7A4F7556}") = "Household", "Household\Household\Household.csproj", "{EA655F3D-D82A-4B6C-84D1-94FD7365781E}"
EndProject
Project("{9A19103F-16F7-4668-BE54-9A1E7A4F7556}") = "Household.Tests", "Household.Tests\Household.Tests.csproj", "{D48A3B74-CE39-45AD-8976-BF65BFEB7D4C}"
EndProject
Global
	GlobalSection(SolutionConfigurationPlatforms) = preSolution
		Debug|Any CPU = Debug|Any CPU
		Debug|ARM = Debug|ARM
		Debug|iPhone = Debug|iPhone
		Debug|iPhoneSimulator = Debug|iPhoneSimulator
		Debug|x64 = Debug|x64
		Debug|x86 = Debug|x86
		Release|Any CPU = Release|Any CPU
		Release|ARM = Release|ARM
		Release|iPhone = Release|iPhone
		Release|iPhoneSimulator = Release|iPhoneSimulator
		Release|x64 = Release|x64
		Release|x86 = Release|x86
	EndGlobalSection
	GlobalSection(ProjectConfigurationPlatforms) = postSolution
		{74FC290C-FD8D-4365-94A6-E73568E4B1FE}.Debug|Any CPU.ActiveCfg = Debug|Any CPU
		{74FC290C-FD8D-4365-94A6-E73568E4B1FE}.Debug|Any CPU.Build.0 = Debug|Any CPU
		{74FC290C-FD8D-4365-94A6-E73568E4B1FE}.Debug|Any CPU.Deploy.0 = Debug|Any CPU
		{74FC290C-FD8D-4365-94A6-E73568E4B1FE}.Debug|ARM.ActiveCfg = Debug|Any CPU
		{74FC290C-FD8D-4365-94A6-E73568E4B1FE}.Debug|ARM.Build.0 = Debug|Any CPU
		{74FC290C-FD8D-4365-94A6-E73568E4B1FE}.Debug|ARM.Deploy.0 = Debug|Any CPU
		{74FC290C-FD8D-4365-94A6-E73568E4B1FE}.Debug|iPhone.ActiveCfg = Debug|Any CPU
		{74FC290C-FD8D-4365-94A6-E73568E4B1FE}.Debug|iPhone.Build.0 = Debug|Any CPU
		{74FC290C-FD8D-4365-94A6-E73568E4B1FE}.Debug|iPhone.Deploy.0 = Debug|Any CPU
		{74FC290C-FD8D-4365-94A6-E73568E4B1FE}.Debug|iPhoneSimulator.ActiveCfg = Debug|Any CPU
		{74FC290C-FD8D-4365-94A6-E73568E4B1FE}.Debug|iPhoneSimulator.Build.0 = Debug|Any CPU
		{74FC290C-FD8D-4365-94A6-E73568E4B1FE}.Debug|iPhoneSimulator.Deploy.0 = Debug|Any CPU
		{74FC290C-FD8D-4365-94A6-E73568E4B1FE}.Debug|x64.ActiveCfg = Debug|Any CPU
		{74FC290C-FD8D-4365-94A6-E73568E4B1FE}.Debug|x64.Build.0 = Debug|Any CPU
		{74FC290C-FD8D-4365-94A6-E73568E4B1FE}.Debug|x64.Deploy.0 = Debug|Any CPU
		{74FC290C-FD8D-4365-94A6-E73568E4B1FE}.Debug|x86.ActiveCfg = Debug|Any CPU
		{74FC290C-FD8D-4365-94A6-E73568E4B1FE}.Debug|x86.Build.0 = Debug|Any CPU
		{74FC290C-FD8D-4365-94A6-E73568E4B1FE}.Debug|x86.Deploy.0 = Debug|Any CPU
		{74FC290C-FD8D-4365-94A6-E73568E4B1FE}.Release|Any CPU.ActiveCfg = Release|Any CPU
		{74FC290C-FD8D-4365-94A6-E73568E4B1FE}.Release|Any CPU.Build.0 = Release|Any CPU
		{74FC290C-FD8D-4365-94A6-E73568E4B1FE}.Release|Any CPU.Deploy.0 = Release|Any CPU
		{74FC290C-FD8D-4365-94A6-E73568E4B1FE}.Release|ARM.ActiveCfg = Release|Any CPU
		{74FC290C-FD8D-4365-94A6-E73568E4B1FE}.Release|ARM.Build.0 = Release|Any CPU
		{74FC290C-FD8D-4365-94A6-E73568E4B1FE}.Release|ARM.Deploy.0 = Release|Any CPU
		{74FC290C-FD8D-4365-94A6-E73568E4B1FE}.Release|iPhone.ActiveCfg = Release|Any CPU
		{74FC290C-FD8D-4365-94A6-E73568E4B1FE}.Release|iPhone.Build.0 = Release|Any CPU
		{74FC290C-FD8D-4365-94A6-E73568E4B1FE}.Release|iPhone.Deploy.0 = Release|Any CPU
		{74FC290C-FD8D-4365-94A6-E73568E4B1FE}.Release|iPhoneSimulator.ActiveCfg = Release|Any CPU
		{74FC290C-FD8D-4365-94A6-E73568E4B1FE}.Release|iPhoneSimulator.Build.0 = Release|Any CPU
		{74FC290C-FD8D-4365-94A6-E73568E4B1FE}.Release|iPhoneSimulator.Deploy.0 = Release|Any CPU
		{74FC290C-FD8D-4365-94A6-E73568E4B1FE}.Release|x64.ActiveCfg = Release|Any CPU
		{74FC290C-FD8D-4365-94A6-E73568E4B1FE}.Release|x64.Build.0 = Release|Any CPU
		{74FC290C-FD8D-4365-94A6-E73568E4B1FE}.Release|x64.Deploy.0 = Release|Any CPU
		{74FC290C-FD8D-4365-94A6-E73568E4B1FE}.Release|x86.ActiveCfg = Release|Any CPU
		{74FC290C-FD8D-4365-94A6-E73568E4B1FE}.Release|x86.Build.0 = Release|Any CPU
		{74FC290C-FD8D-4365-94A6-E73568E4B1FE}.Release|x86.Deploy.0 = Release|Any CPU
		{18F6EC00-3ABC-4B6C-8DB6-74E07AB985D9}.Debug|Any CPU.ActiveCfg = Debug|iPhoneSimulator
		{18F6EC00-3ABC-4B6C-8DB6-74E07AB985D9}.Debug|Any CPU.Build.0 = Debug|iPhoneSimulator
		{18F6EC00-3ABC-4B6C-8DB6-74E07AB985D9}.Debug|Any CPU.Deploy.0 = Debug|iPhoneSimulator
		{18F6EC00-3ABC-4B6C-8DB6-74E07AB985D9}.Debug|ARM.ActiveCfg = Debug|iPhone
		{18F6EC00-3ABC-4B6C-8DB6-74E07AB985D9}.Debug|ARM.Build.0 = Debug|iPhone
		{18F6EC00-3ABC-4B6C-8DB6-74E07AB985D9}.Debug|ARM.Deploy.0 = Debug|iPhone
		{18F6EC00-3ABC-4B6C-8DB6-74E07AB985D9}.Debug|iPhone.ActiveCfg = Debug|iPhone
		{18F6EC00-3ABC-4B6C-8DB6-74E07AB985D9}.Debug|iPhone.Build.0 = Debug|iPhone
		{18F6EC00-3ABC-4B6C-8DB6-74E07AB985D9}.Debug|iPhone.Deploy.0 = Debug|iPhone
		{18F6EC00-3ABC-4B6C-8DB6-74E07AB985D9}.Debug|iPhoneSimulator.ActiveCfg = Debug|iPhoneSimulator
		{18F6EC00-3ABC-4B6C-8DB6-74E07AB985D9}.Debug|iPhoneSimulator.Build.0 = Debug|iPhoneSimulator
		{18F6EC00-3ABC-4B6C-8DB6-74E07AB985D9}.Debug|iPhoneSimulator.Deploy.0 = Debug|iPhoneSimulator
		{18F6EC00-3ABC-4B6C-8DB6-74E07AB985D9}.Debug|x64.ActiveCfg = Debug|iPhone
		{18F6EC00-3ABC-4B6C-8DB6-74E07AB985D9}.Debug|x64.Build.0 = Debug|iPhone
		{18F6EC00-3ABC-4B6C-8DB6-74E07AB985D9}.Debug|x64.Deploy.0 = Debug|iPhone
		{18F6EC00-3ABC-4B6C-8DB6-74E07AB985D9}.Debug|x86.ActiveCfg = Debug|iPhone
		{18F6EC00-3ABC-4B6C-8DB6-74E07AB985D9}.Debug|x86.Build.0 = Debug|iPhone
		{18F6EC00-3ABC-4B6C-8DB6-74E07AB985D9}.Debug|x86.Deploy.0 = Debug|iPhone
		{18F6EC00-3ABC-4B6C-8DB6-74E07AB985D9}.Release|Any CPU.ActiveCfg = Release|iPhone
		{18F6EC00-3ABC-4B6C-8DB6-74E07AB985D9}.Release|Any CPU.Build.0 = Release|iPhone
		{18F6EC00-3ABC-4B6C-8DB6-74E07AB985D9}.Release|Any CPU.Deploy.0 = Release|iPhone
		{18F6EC00-3ABC-4B6C-8DB6-74E07AB985D9}.Release|ARM.ActiveCfg = Release|iPhone
		{18F6EC00-3ABC-4B6C-8DB6-74E07AB985D9}.Release|ARM.Build.0 = Release|iPhone
		{18F6EC00-3ABC-4B6C-8DB6-74E07AB985D9}.Release|ARM.Deploy.0 = Release|iPhone
		{18F6EC00-3ABC-4B6C-8DB6-74E07AB985D9}.Release|iPhone.ActiveCfg = Release|iPhone
		{18F6EC00-3ABC-4B6C-8DB6-74E07AB985D9}.Release|iPhone.Build.0 = Release|iPhone
		{18F6EC00-3ABC-4B6C-8DB6-74E07AB985D9}.Release|iPhone.Deploy.0 = Release|iPhone
		{18F6EC00-3ABC-4B6C-8DB6-74E07AB985D9}.Release|iPhoneSimulator.ActiveCfg = Release|iPhoneSimulator
		{18F6EC00-3ABC-4B6C-8DB6-74E07AB985D9}.Release|iPhoneSimulator.Build.0 = Release|iPhoneSimulator
		{18F6EC00-3ABC-4B6C-8DB6-74E07AB985D9}.Release|iPhoneSimulator.Deploy.0 = Release|iPhoneSimulator
		{18F6EC00-3ABC-4B6C-8DB6-74E07AB985D9}.Release|x64.ActiveCfg = Release|iPhone
		{18F6EC00-3ABC-4B6C-8DB6-74E07AB985D9}.Release|x64.Build.0 = Release|iPhone
		{18F6EC00-3ABC-4B6C-8DB6-74E07AB985D9}.Release|x64.Deploy.0 = Release|iPhone
		{18F6EC00-3ABC-4B6C-8DB6-74E07AB985D9}.Release|x86.ActiveCfg = Release|iPhone
		{18F6EC00-3ABC-4B6C-8DB6-74E07AB985D9}.Release|x86.Build.0 = Release|iPhone
		{18F6EC00-3ABC-4B6C-8DB6-74E07AB985D9}.Release|x86.Deploy.0 = Release|iPhone
		{EA655F3D-D82A-4B6C-84D1-94FD7365781E}.Debug|Any CPU.ActiveCfg = Debug|Any CPU
		{EA655F3D-D82A-4B6C-84D1-94FD7365781E}.Debug|Any CPU.Build.0 = Debug|Any CPU
		{EA655F3D-D82A-4B6C-84D1-94FD7365781E}.Debug|Any CPU.Deploy.0 = Debug|Any CPU
		{EA655F3D-D82A-4B6C-84D1-94FD7365781E}.Debug|ARM.ActiveCfg = Debug|Any CPU
		{EA655F3D-D82A-4B6C-84D1-94FD7365781E}.Debug|ARM.Build.0 = Debug|Any CPU
		{EA655F3D-D82A-4B6C-84D1-94FD7365781E}.Debug|ARM.Deploy.0 = Debug|Any CPU
		{EA655F3D-D82A-4B6C-84D1-94FD7365781E}.Debug|iPhone.ActiveCfg = Debug|Any CPU
		{EA655F3D-D82A-4B6C-84D1-94FD7365781E}.Debug|iPhone.Build.0 = Debug|Any CPU
		{EA655F3D-D82A-4B6C-84D1-94FD7365781E}.Debug|iPhone.Deploy.0 = Debug|Any CPU
		{EA655F3D-D82A-4B6C-84D1-94FD7365781E}.Debug|iPhoneSimulator.ActiveCfg = Debug|Any CPU
		{EA655F3D-D82A-4B6C-84D1-94FD7365781E}.Debug|iPhoneSimulator.Build.0 = Debug|Any CPU
		{EA655F3D-D82A-4B6C-84D1-94FD7365781E}.Debug|iPhoneSimulator.Deploy.0 = Debug|Any CPU
		{EA655F3D-D82A-4B6C-84D1-94FD7365781E}.Debug|x64.ActiveCfg = Debug|Any CPU
		{EA655F3D-D82A-4B6C-84D1-94FD7365781E}.Debug|x64.Build.0 = Debug|Any CPU
		{EA655F3D-D82A-4B6C-84D1-94FD7365781E}.Debug|x64.Deploy.0 = Debug|Any CPU
		{EA655F3D-D82A-4B6C-84D1-94FD7365781E}.Debug|x86.ActiveCfg = Debug|Any CPU
		{EA655F3D-D82A-4B6C-84D1-94FD7365781E}.Debug|x86.Build.0 = Debug|Any CPU
		{EA655F3D-D82A-4B6C-84D1-94FD7365781E}.Debug|x86.Deploy.0 = Debug|Any CPU
		{EA655F3D-D82A-4B6C-84D1-94FD7365781E}.Release|Any CPU.ActiveCfg = Release|Any CPU
		{EA655F3D-D82A-4B6C-84D1-94FD7365781E}.Release|Any CPU.Build.0 = Release|Any CPU
		{EA655F3D-D82A-4B6C-84D1-94FD7365781E}.Release|Any CPU.Deploy.0 = Release|Any CPU
		{EA655F3D-D82A-4B6C-84D1-94FD7365781E}.Release|ARM.ActiveCfg = Release|Any CPU
		{EA655F3D-D82A-4B6C-84D1-94FD7365781E}.Release|ARM.Build.0 = Release|Any CPU
		{EA655F3D-D82A-4B6C-84D1-94FD7365781E}.Release|ARM.Deploy.0 = Release|Any CPU
		{EA655F3D-D82A-4B6C-84D1-94FD7365781E}.Release|iPhone.ActiveCfg = Release|Any CPU
		{EA655F3D-D82A-4B6C-84D1-94FD7365781E}.Release|iPhone.Build.0 = Release|Any CPU
		{EA655F3D-D82A-4B6C-84D1-94FD7365781E}.Release|iPhone.Deploy.0 = Release|Any CPU
		{EA655F3D-D82A-4B6C-84D1-94FD7365781E}.Release|iPhoneSimulator.ActiveCfg = Release|Any CPU
		{EA655F3D-D82A-4B6C-84D1-94FD7365781E}.Release|iPhoneSimulator.Build.0 = Release|Any CPU
		{EA655F3D-D82A-4B6C-84D1-94FD7365781E}.Release|iPhoneSimulator.Deploy.0 = Release|Any CPU
		{EA655F3D-D82A-4B6C-84D1-94FD7365781E}.Release|x64.ActiveCfg = Release|Any CPU
		{EA655F3D-D82A-4B6C-84D1-94FD7365781E}.Release|x64.Build.0 = Release|Any CPU
		{EA655F3D-D82A-4B6C-84D1-94FD7365781E}.Release|x64.Deploy.0 = Release|Any CPU
		{EA655F3D-D82A-4B6C-84D1-94FD7365781E}.Release|x86.ActiveCfg = Release|Any CPU
		{EA655F3D-D82A-4B6C-84D1-94FD7365781E}.Release|x86.Build.0 = Release|Any CPU
		{EA655F3D-D82A-4B6C-84D1-94FD7365781E}.Release|x86.Deploy.0 = Release|Any CPU
		{D48A3B74-CE39-45AD-8976-BF65BFEB7D4C}.Debug|Any CPU.ActiveCfg = Debug|Any CPU
		{D48A3B74-CE39-45AD-8976-BF65BFEB7D4C}.Debug|Any CPU.Build.0 = Debug|Any CPU
		{D48A3B74-CE39-45AD-8976-BF65BFEB7D4C}.Debug|ARM.ActiveCfg = Debug|Any CPU
		{D48A3B74-CE39-45AD-8976-BF65BFEB7D4C}.Debug|ARM.Build.0 = Debug|Any CPU
		{D48A3B74-CE39-45AD-8976-BF65BFEB7D4C}.Debug|iPhone.ActiveCfg = Debug|Any CPU
		{D48A3B74-CE39-45AD-8976-BF65BFEB7D4C}.Debug|iPhone.Build.0 = Debug|Any CPU
		{D48A3B74-CE39-45AD-8976-BF65BFEB7D4C}.Debug|iPhoneSimulator.ActiveCfg = Debug|Any CPU
		{D48A3B74-CE39-45AD-8976-BF65BFEB7D4C}.Debug|iPhoneSimulator.Build.0 = Debug|Any CPU
		{D48A3B74-CE39-45AD-8976-BF65BFEB7D4C}.Debug|x64.ActiveCfg = Debug|Any CPU
		{D48A3B74-CE39-45AD-8976-BF65BFEB7D4C}.Debug|x64.Build.0 = Debug|Any CPU
		{D48A3B74-CE39-45AD-8976-BF65BFEB7D4C}.Debug|x86.ActiveCfg = Debug|Any CPU
		{D48A3B74-CE39-45AD-8976-BF65BFEB7D4C}.Debug|x86.Build.0 = Debug|Any CPU
		{D48A3B74-CE39-45AD-8976-BF65BFEB7D4C}.Release|Any CPU.ActiveCfg = Release|Any CPU
		{D48A3B74-CE39-45AD-8976-BF65BFEB7D4C}.Release|Any CPU.Build.0 = Release|Any CPU
		{D48A3B74-CE39-45AD-8976-BF65BFEB7D4C}.Release|ARM.ActiveCfg = Release|Any CPU
		{D48A3B74-CE39-45AD-8976-BF65BFEB7D4C}.Release|ARM.Build.0 = Release|Any CPU
		{D48A3B74-CE39-45AD-8976-BF65BFEB7D4C}.Release|iPhone.ActiveCfg = Release|Any CPU
		{D48A3B74-CE39-45AD-8976-BF65BFEB7D4C}.Release|iPhone.Build.0 = Release|Any CPU
		{D48A3B74-CE39-45AD-8976-BF65BFEB7D4C}.Release|iPhoneSimulator.ActiveCfg = Release|Any CPU
		{D48A3B74-CE39-45AD-8976-BF65BFEB7D4C}.Release|iPhoneSimulator.Build.0 = Release|Any CPU
		{D48A3B74-CE39-45AD-8976-BF65BFEB7D4C}.Release|x64.ActiveCfg = Release|Any CPU
		{D48A3B74-CE39-45AD-8976-BF65BFEB7D4C}.Release|x64.Build.0 = Release|Any CPU
		{D48A3B74-CE39-45AD-8976-BF65BFEB7D4C}.Release|x86.ActiveCfg = Release|Any CPU
		{D48A3B74-CE39-45AD-8976-BF65BFEB7D4C}.Release|x86.Build.0 = Release|Any CPU
	EndGlobalSection
	GlobalSection(SolutionProperties) = preSolution
		HideSolutionNode = FALSE
	EndGlobalSection
	GlobalSection(ExtensibilityGlobals) = postSolution
		SolutionGuid = {4913F760-95D8-45B5-B881-C2A8521B0D47}
	EndGlobalSection
EndGlobal
